
Microsoft Visual Studio Solution File, Format Version 12.00
# Visual Studio Version 17
VisualStudioVersion = 17.9.34622.214
MinimumVisualStudioVersion = 10.0.40219.1
Project("{9A19103F-16F7-4668-BE54-9A1E7A4F7556}") = "OmniFinance.Web", "src\OmniFinance.Web\OmniFinance.Web.csproj", "{18110CDC-7DF4-4B75-977E-E9C5F116ED1C}"
EndProject
Project("{9A19103F-16F7-4668-BE54-9A1E7A4F7556}") = "OmniFinance.Web.Client", "src\OmniFinance.Web.Client\OmniFinance.Web.Client.csproj", "{CE6A8B2F-98B4-4F68-B20C-10510311FC36}"
EndProject
Project("{2150E333-8FDC-42A3-9474-1A3956D46DE8}") = "src", "src", "{4C93BF19-DDE2-4FCC-A8C6-438387D6C77F}"
EndProject
Global
	GlobalSection(SolutionConfigurationPlatforms) = preSolution
		Debug|Any CPU = Debug|Any CPU
		Release|Any CPU = Release|Any CPU
	EndGlobalSection
	GlobalSection(ProjectConfigurationPlatforms) = postSolution
		{18110CDC-7DF4-4B75-977E-E9C5F116ED1C}.Debug|Any CPU.ActiveCfg = Debug|Any CPU
		{18110CDC-7DF4-4B75-977E-E9C5F116ED1C}.Debug|Any CPU.Build.0 = Debug|Any CPU
		{18110CDC-7DF4-4B75-977E-E9C5F116ED1C}.Release|Any CPU.ActiveCfg = Release|Any CPU
		{18110CDC-7DF4-4B75-977E-E9C5F116ED1C}.Release|Any CPU.Build.0 = Release|Any CPU
		{CE6A8B2F-98B4-4F68-B20C-10510311FC36}.Debug|Any CPU.ActiveCfg = Debug|Any CPU
		{CE6A8B2F-98B4-4F68-B20C-10510311FC36}.Debug|Any CPU.Build.0 = Debug|Any CPU
		{CE6A8B2F-98B4-4F68-B20C-10510311FC36}.Release|Any CPU.ActiveCfg = Release|Any CPU
		{CE6A8B2F-98B4-4F68-B20C-10510311FC36}.Release|Any CPU.Build.0 = Release|Any CPU
	EndGlobalSection
	GlobalSection(SolutionProperties) = preSolution
		HideSolutionNode = FALSE
	EndGlobalSection
	GlobalSection(NestedProjects) = preSolution
		{18110CDC-7DF4-4B75-977E-E9C5F116ED1C} = {4C93BF19-DDE2-4FCC-A8C6-438387D6C77F}
		{CE6A8B2F-98B4-4F68-B20C-10510311FC36} = {4C93BF19-DDE2-4FCC-A8C6-438387D6C77F}
	EndGlobalSection
	GlobalSection(ExtensibilityGlobals) = postSolution
		SolutionGuid = {67D09706-98E8-46D2-9032-DC6AE2759C6D}
	EndGlobalSection
EndGlobal
